// !$*UTF8*$!
{
	archiveVersion = 1;
	classes = {
	};
	objectVersion = 56;
	objects = {

/* Begin PBXBuildFile section */
		8E4E643E2A01773400AE058F /* Colors.swift in Sources */ = {isa = PBXBuildFile; fileRef = 8E4E643D2A01773400AE058F /* Colors.swift */; };
		8E4E64412A01817500AE058F /* HomeView.swift in Sources */ = {isa = PBXBuildFile; fileRef = 8E4E64402A01817500AE058F /* HomeView.swift */; };
		8E4E64432A01821500AE058F /* Inter-SemiBold.otf in Resources */ = {isa = PBXBuildFile; fileRef = 8E4E64422A01821500AE058F /* Inter-SemiBold.otf */; };
		8E4E64452A01861200AE058F /* BackgroundView.swift in Sources */ = {isa = PBXBuildFile; fileRef = 8E4E64442A01861200AE058F /* BackgroundView.swift */; };
		8E4E644A2A01AC1200AE058F /* TempratureText.swift in Sources */ = {isa = PBXBuildFile; fileRef = 8E4E64492A01AC1200AE058F /* TempratureText.swift */; };
		8E4E644C2A01AD0900AE058F /* TempratureHighlight.swift in Sources */ = {isa = PBXBuildFile; fileRef = 8E4E644B2A01AD0900AE058F /* TempratureHighlight.swift */; };
		8E4E644E2A01AFC900AE058F /* WeatherMetricTile.swift in Sources */ = {isa = PBXBuildFile; fileRef = 8E4E644D2A01AFC900AE058F /* WeatherMetricTile.swift */; };
		8E4E64522A01B05000AE058F /* WeatherMetricModel.swift in Sources */ = {isa = PBXBuildFile; fileRef = 8E4E64512A01B05000AE058F /* WeatherMetricModel.swift */; };
		8E4E64542A01BD9300AE058F /* ForecastView.swift in Sources */ = {isa = PBXBuildFile; fileRef = 8E4E64532A01BD9300AE058F /* ForecastView.swift */; };
		8E4E64562A01BEF800AE058F /* TempratureForecastPill.swift in Sources */ = {isa = PBXBuildFile; fileRef = 8E4E64552A01BEF800AE058F /* TempratureForecastPill.swift */; };
		8E4E64582A01BFFB00AE058F /* BackgroundStyles.swift in Sources */ = {isa = PBXBuildFile; fileRef = 8E4E64572A01BFFB00AE058F /* BackgroundStyles.swift */; };
		8E4E645A2A01C24B00AE058F /* ForecastTile.swift in Sources */ = {isa = PBXBuildFile; fileRef = 8E4E64592A01C24B00AE058F /* ForecastTile.swift */; };
		8ED9907C2A016EFD003B5476 /* FontStyles.swift in Sources */ = {isa = PBXBuildFile; fileRef = 8ED9907B2A016EFD003B5476 /* FontStyles.swift */; };
		8EE55F0C2A01685E00FEE154 /* WeatherAppApp.swift in Sources */ = {isa = PBXBuildFile; fileRef = 8EE55F0B2A01685E00FEE154 /* WeatherAppApp.swift */; };
		8EE55F0E2A01685E00FEE154 /* ContentView.swift in Sources */ = {isa = PBXBuildFile; fileRef = 8EE55F0D2A01685E00FEE154 /* ContentView.swift */; };
		8EE55F102A01686000FEE154 /* Assets.xcassets in Resources */ = {isa = PBXBuildFile; fileRef = 8EE55F0F2A01686000FEE154 /* Assets.xcassets */; };
		8EE55F132A01686000FEE154 /* Preview Assets.xcassets in Resources */ = {isa = PBXBuildFile; fileRef = 8EE55F122A01686000FEE154 /* Preview Assets.xcassets */; };
		8EE55F1D2A016A8400FEE154 /* Inter-Bold.otf in Resources */ = {isa = PBXBuildFile; fileRef = 8EE55F1C2A016A8400FEE154 /* Inter-Bold.otf */; };
		8EE55F1F2A016AF300FEE154 /* Inter-Medium.otf in Resources */ = {isa = PBXBuildFile; fileRef = 8EE55F1E2A016AF200FEE154 /* Inter-Medium.otf */; };
		8EE55F212A016AFA00FEE154 /* Inter-Regular.otf in Resources */ = {isa = PBXBuildFile; fileRef = 8EE55F202A016AFA00FEE154 /* Inter-Regular.otf */; };
/* End PBXBuildFile section */

/* Begin PBXFileReference section */
		8E4E643D2A01773400AE058F /* Colors.swift */ = {isa = PBXFileReference; lastKnownFileType = sourcecode.swift; path = Colors.swift; sourceTree = "<group>"; };
		8E4E64402A01817500AE058F /* HomeView.swift */ = {isa = PBXFileReference; lastKnownFileType = sourcecode.swift; path = HomeView.swift; sourceTree = "<group>"; };
		8E4E64422A01821500AE058F /* Inter-SemiBold.otf */ = {isa = PBXFileReference; lastKnownFileType = file; path = "Inter-SemiBold.otf"; sourceTree = "<group>"; };
		8E4E64442A01861200AE058F /* BackgroundView.swift */ = {isa = PBXFileReference; lastKnownFileType = sourcecode.swift; path = BackgroundView.swift; sourceTree = "<group>"; };
		8E4E64492A01AC1200AE058F /* TempratureText.swift */ = {isa = PBXFileReference; lastKnownFileType = sourcecode.swift; path = TempratureText.swift; sourceTree = "<group>"; };
		8E4E644B2A01AD0900AE058F /* TempratureHighlight.swift */ = {isa = PBXFileReference; lastKnownFileType = sourcecode.swift; path = TempratureHighlight.swift; sourceTree = "<group>"; };
		8E4E644D2A01AFC900AE058F /* WeatherMetricTile.swift */ = {isa = PBXFileReference; lastKnownFileType = sourcecode.swift; path = WeatherMetricTile.swift; sourceTree = "<group>"; };
		8E4E64512A01B05000AE058F /* WeatherMetricModel.swift */ = {isa = PBXFileReference; lastKnownFileType = sourcecode.swift; path = WeatherMetricModel.swift; sourceTree = "<group>"; };
		8E4E64532A01BD9300AE058F /* ForecastView.swift */ = {isa = PBXFileReference; lastKnownFileType = sourcecode.swift; path = ForecastView.swift; sourceTree = "<group>"; };
		8E4E64552A01BEF800AE058F /* TempratureForecastPill.swift */ = {isa = PBXFileReference; lastKnownFileType = sourcecode.swift; path = TempratureForecastPill.swift; sourceTree = "<group>"; };
		8E4E64572A01BFFB00AE058F /* BackgroundStyles.swift */ = {isa = PBXFileReference; lastKnownFileType = sourcecode.swift; path = BackgroundStyles.swift; sourceTree = "<group>"; };
		8E4E64592A01C24B00AE058F /* ForecastTile.swift */ = {isa = PBXFileReference; lastKnownFileType = sourcecode.swift; path = ForecastTile.swift; sourceTree = "<group>"; };
		8ED990792A016C36003B5476 /* Info.plist */ = {isa = PBXFileReference; lastKnownFileType = text.plist; path = Info.plist; sourceTree = "<group>"; };
		8ED9907B2A016EFD003B5476 /* FontStyles.swift */ = {isa = PBXFileReference; lastKnownFileType = sourcecode.swift; path = FontStyles.swift; sourceTree = "<group>"; };
		8EE55F082A01685E00FEE154 /* WeatherApp.app */ = {isa = PBXFileReference; explicitFileType = wrapper.application; includeInIndex = 0; path = WeatherApp.app; sourceTree = BUILT_PRODUCTS_DIR; };
		8EE55F0B2A01685E00FEE154 /* WeatherAppApp.swift */ = {isa = PBXFileReference; lastKnownFileType = sourcecode.swift; path = WeatherAppApp.swift; sourceTree = "<group>"; };
		8EE55F0D2A01685E00FEE154 /* ContentView.swift */ = {isa = PBXFileReference; lastKnownFileType = sourcecode.swift; path = ContentView.swift; sourceTree = "<group>"; };
		8EE55F0F2A01686000FEE154 /* Assets.xcassets */ = {isa = PBXFileReference; lastKnownFileType = folder.assetcatalog; path = Assets.xcassets; sourceTree = "<group>"; };
		8EE55F122A01686000FEE154 /* Preview Assets.xcassets */ = {isa = PBXFileReference; lastKnownFileType = folder.assetcatalog; path = "Preview Assets.xcassets"; sourceTree = "<group>"; };
		8EE55F1C2A016A8400FEE154 /* Inter-Bold.otf */ = {isa = PBXFileReference; lastKnownFileType = file; path = "Inter-Bold.otf"; sourceTree = "<group>"; };
		8EE55F1E2A016AF200FEE154 /* Inter-Medium.otf */ = {isa = PBXFileReference; lastKnownFileType = file; path = "Inter-Medium.otf"; sourceTree = "<group>"; };
		8EE55F202A016AFA00FEE154 /* Inter-Regular.otf */ = {isa = PBXFileReference; lastKnownFileType = file; path = "Inter-Regular.otf"; sourceTree = "<group>"; };
/* End PBXFileReference section */

/* Begin PBXFrameworksBuildPhase section */
		8EE55F052A01685E00FEE154 /* Frameworks */ = {
			isa = PBXFrameworksBuildPhase;
			buildActionMask = 2147483647;
			files = (
			);
			runOnlyForDeploymentPostprocessing = 0;
		};
/* End PBXFrameworksBuildPhase section */

/* Begin PBXGroup section */
		8E4E643F2A01816600AE058F /* Views */ = {
			isa = PBXGroup;
			children = (
				8E4E64402A01817500AE058F /* HomeView.swift */,
				8E4E64442A01861200AE058F /* BackgroundView.swift */,
				8E4E64492A01AC1200AE058F /* TempratureText.swift */,
				8E4E644B2A01AD0900AE058F /* TempratureHighlight.swift */,
				8E4E644D2A01AFC900AE058F /* WeatherMetricTile.swift */,
				8E4E64532A01BD9300AE058F /* ForecastView.swift */,
				8E4E64552A01BEF800AE058F /* TempratureForecastPill.swift */,
				8E4E64592A01C24B00AE058F /* ForecastTile.swift */,
			);
			path = Views;
			sourceTree = "<group>";
		};
		8E4E64502A01B03B00AE058F /* Models */ = {
			isa = PBXGroup;
			children = (
				8E4E64512A01B05000AE058F /* WeatherMetricModel.swift */,
			);
			path = Models;
			sourceTree = "<group>";
		};
		8ED9907A2A016ECE003B5476 /* Constants */ = {
			isa = PBXGroup;
			children = (
				8ED9907B2A016EFD003B5476 /* FontStyles.swift */,
				8E4E643D2A01773400AE058F /* Colors.swift */,
				8E4E64572A01BFFB00AE058F /* BackgroundStyles.swift */,
			);
			path = Constants;
			sourceTree = "<group>";
		};
		8EE55EFF2A01685E00FEE154 = {
			isa = PBXGroup;
			children = (
				8EE55F0A2A01685E00FEE154 /* WeatherApp */,
				8EE55F092A01685E00FEE154 /* Products */,
			);
			sourceTree = "<group>";
		};
		8EE55F092A01685E00FEE154 /* Products */ = {
			isa = PBXGroup;
			children = (
				8EE55F082A01685E00FEE154 /* WeatherApp.app */,
			);
			name = Products;
			sourceTree = "<group>";
		};
		8EE55F0A2A01685E00FEE154 /* WeatherApp */ = {
			isa = PBXGroup;
			children = (
				8E4E64502A01B03B00AE058F /* Models */,
				8E4E643F2A01816600AE058F /* Views */,
				8ED9907A2A016ECE003B5476 /* Constants */,
				8ED990792A016C36003B5476 /* Info.plist */,
				8EE55F192A01697300FEE154 /* Fonts */,
				8EE55F0B2A01685E00FEE154 /* WeatherAppApp.swift */,
				8EE55F0D2A01685E00FEE154 /* ContentView.swift */,
				8EE55F0F2A01686000FEE154 /* Assets.xcassets */,
				8EE55F112A01686000FEE154 /* Preview Content */,
			);
			path = WeatherApp;
			sourceTree = "<group>";
		};
		8EE55F112A01686000FEE154 /* Preview Content */ = {
			isa = PBXGroup;
			children = (
				8EE55F122A01686000FEE154 /* Preview Assets.xcassets */,
			);
			path = "Preview Content";
			sourceTree = "<group>";
		};
		8EE55F192A01697300FEE154 /* Fonts */ = {
			isa = PBXGroup;
			children = (
				8EE55F202A016AFA00FEE154 /* Inter-Regular.otf */,
				8E4E64422A01821500AE058F /* Inter-SemiBold.otf */,
				8EE55F1E2A016AF200FEE154 /* Inter-Medium.otf */,
				8EE55F1C2A016A8400FEE154 /* Inter-Bold.otf */,
			);
			path = Fonts;
			sourceTree = "<group>";
		};
/* End PBXGroup section */

/* Begin PBXNativeTarget section */
		8EE55F072A01685E00FEE154 /* WeatherApp */ = {
			isa = PBXNativeTarget;
			buildConfigurationList = 8EE55F162A01686000FEE154 /* Build configuration list for PBXNativeTarget "WeatherApp" */;
			buildPhases = (
				8EE55F042A01685E00FEE154 /* Sources */,
				8EE55F052A01685E00FEE154 /* Frameworks */,
				8EE55F062A01685E00FEE154 /* Resources */,
			);
			buildRules = (
			);
			dependencies = (
			);
			name = WeatherApp;
			productName = WeatherApp;
			productReference = 8EE55F082A01685E00FEE154 /* WeatherApp.app */;
			productType = "com.apple.product-type.application";
		};
/* End PBXNativeTarget section */

/* Begin PBXProject section */
		8EE55F002A01685E00FEE154 /* Project object */ = {
			isa = PBXProject;
			attributes = {
				BuildIndependentTargetsInParallel = 1;
				LastSwiftUpdateCheck = 1430;
				LastUpgradeCheck = 1430;
				TargetAttributes = {
					8EE55F072A01685E00FEE154 = {
						CreatedOnToolsVersion = 14.3;
					};
				};
			};
			buildConfigurationList = 8EE55F032A01685E00FEE154 /* Build configuration list for PBXProject "WeatherApp" */;
			compatibilityVersion = "Xcode 14.0";
			developmentRegion = en;
			hasScannedForEncodings = 0;
			knownRegions = (
				en,
				Base,
			);
			mainGroup = 8EE55EFF2A01685E00FEE154;
			productRefGroup = 8EE55F092A01685E00FEE154 /* Products */;
			projectDirPath = "";
			projectRoot = "";
			targets = (
				8EE55F072A01685E00FEE154 /* WeatherApp */,
			);
		};
/* End PBXProject section */

/* Begin PBXResourcesBuildPhase section */
		8EE55F062A01685E00FEE154 /* Resources */ = {
			isa = PBXResourcesBuildPhase;
			buildActionMask = 2147483647;
			files = (
				8EE55F132A01686000FEE154 /* Preview Assets.xcassets in Resources */,
				8EE55F212A016AFA00FEE154 /* Inter-Regular.otf in Resources */,
				8EE55F1D2A016A8400FEE154 /* Inter-Bold.otf in Resources */,
				8EE55F102A01686000FEE154 /* Assets.xcassets in Resources */,
				8EE55F1F2A016AF300FEE154 /* Inter-Medium.otf in Resources */,
				8E4E64432A01821500AE058F /* Inter-SemiBold.otf in Resources */,
			);
			runOnlyForDeploymentPostprocessing = 0;
		};
/* End PBXResourcesBuildPhase section */

/* Begin PBXSourcesBuildPhase section */
		8EE55F042A01685E00FEE154 /* Sources */ = {
			isa = PBXSourcesBuildPhase;
			buildActionMask = 2147483647;
			files = (
				8E4E644A2A01AC1200AE058F /* TempratureText.swift in Sources */,
				8E4E644E2A01AFC900AE058F /* WeatherMetricTile.swift in Sources */,
				8E4E64542A01BD9300AE058F /* ForecastView.swift in Sources */,
				8E4E64582A01BFFB00AE058F /* BackgroundStyles.swift in Sources */,
				8E4E64452A01861200AE058F /* BackgroundView.swift in Sources */,
				8EE55F0E2A01685E00FEE154 /* ContentView.swift in Sources */,
				8E4E643E2A01773400AE058F /* Colors.swift in Sources */,
				8EE55F0C2A01685E00FEE154 /* WeatherAppApp.swift in Sources */,
				8E4E64522A01B05000AE058F /* WeatherMetricModel.swift in Sources */,
				8E4E64562A01BEF800AE058F /* TempratureForecastPill.swift in Sources */,
				8E4E645A2A01C24B00AE058F /* ForecastTile.swift in Sources */,
				8E4E644C2A01AD0900AE058F /* TempratureHighlight.swift in Sources */,
				8E4E64412A01817500AE058F /* HomeView.swift in Sources */,
				8ED9907C2A016EFD003B5476 /* FontStyles.swift in Sources */,
			);
			runOnlyForDeploymentPostprocessing = 0;
		};
/* End PBXSourcesBuildPhase section */

/* Begin XCBuildConfiguration section */
		8EE55F142A01686000FEE154 /* Debug */ = {
			isa = XCBuildConfiguration;
			buildSettings = {
				ALWAYS_SEARCH_USER_PATHS = NO;
				CLANG_ANALYZER_NONNULL = YES;
				CLANG_ANALYZER_NUMBER_OBJECT_CONVERSION = YES_AGGRESSIVE;
				CLANG_CXX_LANGUAGE_STANDARD = "gnu++20";
				CLANG_ENABLE_MODULES = YES;
				CLANG_ENABLE_OBJC_ARC = YES;
				CLANG_ENABLE_OBJC_WEAK = YES;
				CLANG_WARN_BLOCK_CAPTURE_AUTORELEASING = YES;
				CLANG_WARN_BOOL_CONVERSION = YES;
				CLANG_WARN_COMMA = YES;
				CLANG_WARN_CONSTANT_CONVERSION = YES;
				CLANG_WARN_DEPRECATED_OBJC_IMPLEMENTATIONS = YES;
				CLANG_WARN_DIRECT_OBJC_ISA_USAGE = YES_ERROR;
				CLANG_WARN_DOCUMENTATION_COMMENTS = YES;
				CLANG_WARN_EMPTY_BODY = YES;
				CLANG_WARN_ENUM_CONVERSION = YES;
				CLANG_WARN_INFINITE_RECURSION = YES;
				CLANG_WARN_INT_CONVERSION = YES;
				CLANG_WARN_NON_LITERAL_NULL_CONVERSION = YES;
				CLANG_WARN_OBJC_IMPLICIT_RETAIN_SELF = YES;
				CLANG_WARN_OBJC_LITERAL_CONVERSION = YES;
				CLANG_WARN_OBJC_ROOT_CLASS = YES_ERROR;
				CLANG_WARN_QUOTED_INCLUDE_IN_FRAMEWORK_HEADER = YES;
				CLANG_WARN_RANGE_LOOP_ANALYSIS = YES;
				CLANG_WARN_STRICT_PROTOTYPES = YES;
				CLANG_WARN_SUSPICIOUS_MOVE = YES;
				CLANG_WARN_UNGUARDED_AVAILABILITY = YES_AGGRESSIVE;
				CLANG_WARN_UNREACHABLE_CODE = YES;
				CLANG_WARN__DUPLICATE_METHOD_MATCH = YES;
				COPY_PHASE_STRIP = NO;
				DEBUG_INFORMATION_FORMAT = dwarf;
				ENABLE_STRICT_OBJC_MSGSEND = YES;
				ENABLE_TESTABILITY = YES;
				GCC_C_LANGUAGE_STANDARD = gnu11;
				GCC_DYNAMIC_NO_PIC = NO;
				GCC_NO_COMMON_BLOCKS = YES;
				GCC_OPTIMIZATION_LEVEL = 0;
				GCC_PREPROCESSOR_DEFINITIONS = (
					"DEBUG=1",
					"$(inherited)",
				);
				GCC_WARN_64_TO_32_BIT_CONVERSION = YES;
				GCC_WARN_ABOUT_RETURN_TYPE = YES_ERROR;
				GCC_WARN_UNDECLARED_SELECTOR = YES;
				GCC_WARN_UNINITIALIZED_AUTOS = YES_AGGRESSIVE;
				GCC_WARN_UNUSED_FUNCTION = YES;
				GCC_WARN_UNUSED_VARIABLE = YES;
				IPHONEOS_DEPLOYMENT_TARGET = 16.4;
				MTL_ENABLE_DEBUG_INFO = INCLUDE_SOURCE;
				MTL_FAST_MATH = YES;
				ONLY_ACTIVE_ARCH = YES;
				SDKROOT = iphoneos;
				SWIFT_ACTIVE_COMPILATION_CONDITIONS = DEBUG;
				SWIFT_OPTIMIZATION_LEVEL = "-Onone";
			};
			name = Debug;
		};
		8EE55F152A01686000FEE154 /* Release */ = {
			isa = XCBuildConfiguration;
			buildSettings = {
				ALWAYS_SEARCH_USER_PATHS = NO;
				CLANG_ANALYZER_NONNULL = YES;
				CLANG_ANALYZER_NUMBER_OBJECT_CONVERSION = YES_AGGRESSIVE;
				CLANG_CXX_LANGUAGE_STANDARD = "gnu++20";
				CLANG_ENABLE_MODULES = YES;
				CLANG_ENABLE_OBJC_ARC = YES;
				CLANG_ENABLE_OBJC_WEAK = YES;
				CLANG_WARN_BLOCK_CAPTURE_AUTORELEASING = YES;
				CLANG_WARN_BOOL_CONVERSION = YES;
				CLANG_WARN_COMMA = YES;
				CLANG_WARN_CONSTANT_CONVERSION = YES;
				CLANG_WARN_DEPRECATED_OBJC_IMPLEMENTATIONS = YES;
				CLANG_WARN_DIRECT_OBJC_ISA_USAGE = YES_ERROR;
				CLANG_WARN_DOCUMENTATION_COMMENTS = YES;
				CLANG_WARN_EMPTY_BODY = YES;
				CLANG_WARN_ENUM_CONVERSION = YES;
				CLANG_WARN_INFINITE_RECURSION = YES;
				CLANG_WARN_INT_CONVERSION = YES;
				CLANG_WARN_NON_LITERAL_NULL_CONVERSION = YES;
				CLANG_WARN_OBJC_IMPLICIT_RETAIN_SELF = YES;
				CLANG_WARN_OBJC_LITERAL_CONVERSION = YES;
				CLANG_WARN_OBJC_ROOT_CLASS = YES_ERROR;
				CLANG_WARN_QUOTED_INCLUDE_IN_FRAMEWORK_HEADER = YES;
				CLANG_WARN_RANGE_LOOP_ANALYSIS = YES;
				CLANG_WARN_STRICT_PROTOTYPES = YES;
				CLANG_WARN_SUSPICIOUS_MOVE = YES;
				CLANG_WARN_UNGUARDED_AVAILABILITY = YES_AGGRESSIVE;
				CLANG_WARN_UNREACHABLE_CODE = YES;
				CLANG_WARN__DUPLICATE_METHOD_MATCH = YES;
				COPY_PHASE_STRIP = NO;
				DEBUG_INFORMATION_FORMAT = "dwarf-with-dsym";
				ENABLE_NS_ASSERTIONS = NO;
				ENABLE_STRICT_OBJC_MSGSEND = YES;
				GCC_C_LANGUAGE_STANDARD = gnu11;
				GCC_NO_COMMON_BLOCKS = YES;
				GCC_WARN_64_TO_32_BIT_CONVERSION = YES;
				GCC_WARN_ABOUT_RETURN_TYPE = YES_ERROR;
				GCC_WARN_UNDECLARED_SELECTOR = YES;
				GCC_WARN_UNINITIALIZED_AUTOS = YES_AGGRESSIVE;
				GCC_WARN_UNUSED_FUNCTION = YES;
				GCC_WARN_UNUSED_VARIABLE = YES;
				IPHONEOS_DEPLOYMENT_TARGET = 16.4;
				MTL_ENABLE_DEBUG_INFO = NO;
				MTL_FAST_MATH = YES;
				SDKROOT = iphoneos;
				SWIFT_COMPILATION_MODE = wholemodule;
				SWIFT_OPTIMIZATION_LEVEL = "-O";
				VALIDATE_PRODUCT = YES;
			};
			name = Release;
		};
		8EE55F172A01686000FEE154 /* Debug */ = {
			isa = XCBuildConfiguration;
			buildSettings = {
				ASSETCATALOG_COMPILER_APPICON_NAME = AppIcon;
				ASSETCATALOG_COMPILER_GLOBAL_ACCENT_COLOR_NAME = AccentColor;
				CODE_SIGN_STYLE = Automatic;
				CURRENT_PROJECT_VERSION = 1;
				DEVELOPMENT_ASSET_PATHS = "\"WeatherApp/Preview Content\"";
				DEVELOPMENT_TEAM = 76T37C7ZY5;
				ENABLE_PREVIEWS = YES;
				GENERATE_INFOPLIST_FILE = YES;
				INFOPLIST_FILE = WeatherApp/Info.plist;
				INFOPLIST_KEY_UIApplicationSceneManifest_Generation = YES;
				INFOPLIST_KEY_UIApplicationSupportsIndirectInputEvents = YES;
				INFOPLIST_KEY_UILaunchScreen_Generation = YES;
				INFOPLIST_KEY_UISupportedInterfaceOrientations_iPad = "UIInterfaceOrientationPortrait UIInterfaceOrientationPortraitUpsideDown UIInterfaceOrientationLandscapeLeft UIInterfaceOrientationLandscapeRight";
				INFOPLIST_KEY_UISupportedInterfaceOrientations_iPhone = "UIInterfaceOrientationPortrait UIInterfaceOrientationLandscapeLeft UIInterfaceOrientationLandscapeRight";
				LD_RUNPATH_SEARCH_PATHS = (
					"$(inherited)",
					"@executable_path/Frameworks",
				);
				MARKETING_VERSION = 1.0;
				PRODUCT_BUNDLE_IDENTIFIER = com.dirisu.jesse.WeatherApp;
				PRODUCT_NAME = "$(TARGET_NAME)";
				SWIFT_EMIT_LOC_STRINGS = YES;
				SWIFT_VERSION = 5.0;
				TARGETED_DEVICE_FAMILY = "1,2";
			};
			name = Debug;
		};
		8EE55F182A01686000FEE154 /* Release */ = {
			isa = XCBuildConfiguration;
			buildSettings = {
				ASSETCATALOG_COMPILER_APPICON_NAME = AppIcon;
				ASSETCATALOG_COMPILER_GLOBAL_ACCENT_COLOR_NAME = AccentColor;
				CODE_SIGN_STYLE = Automatic;
				CURRENT_PROJECT_VERSION = 1;
				DEVELOPMENT_ASSET_PATHS = "\"WeatherApp/Preview Content\"";
				DEVELOPMENT_TEAM = 76T37C7ZY5;
				ENABLE_PREVIEWS = YES;
				GENERATE_INFOPLIST_FILE = YES;
				INFOPLIST_FILE = WeatherApp/Info.plist;
				INFOPLIST_KEY_UIApplicationSceneManifest_Generation = YES;
				INFOPLIST_KEY_UIApplicationSupportsIndirectInputEvents = YES;
				INFOPLIST_KEY_UILaunchScreen_Generation = YES;
				INFOPLIST_KEY_UISupportedInterfaceOrientations_iPad = "UIInterfaceOrientationPortrait UIInterfaceOrientationPortraitUpsideDown UIInterfaceOrientationLandscapeLeft UIInterfaceOrientationLandscapeRight";
				INFOPLIST_KEY_UISupportedInterfaceOrientations_iPhone = "UIInterfaceOrientationPortrait UIInterfaceOrientationLandscapeLeft UIInterfaceOrientationLandscapeRight";
				LD_RUNPATH_SEARCH_PATHS = (
					"$(inherited)",
					"@executable_path/Frameworks",
				);
				MARKETING_VERSION = 1.0;
				PRODUCT_BUNDLE_IDENTIFIER = com.dirisu.jesse.WeatherApp;
				PRODUCT_NAME = "$(TARGET_NAME)";
				SWIFT_EMIT_LOC_STRINGS = YES;
				SWIFT_VERSION = 5.0;
				TARGETED_DEVICE_FAMILY = "1,2";
			};
			name = Release;
		};
/* End XCBuildConfiguration section */

/* Begin XCConfigurationList section */
		8EE55F032A01685E00FEE154 /* Build configuration list for PBXProject "WeatherApp" */ = {
			isa = XCConfigurationList;
			buildConfigurations = (
				8EE55F142A01686000FEE154 /* Debug */,
				8EE55F152A01686000FEE154 /* Release */,
			);
			defaultConfigurationIsVisible = 0;
			defaultConfigurationName = Release;
		};
		8EE55F162A01686000FEE154 /* Build configuration list for PBXNativeTarget "WeatherApp" */ = {
			isa = XCConfigurationList;
			buildConfigurations = (
				8EE55F172A01686000FEE154 /* Debug */,
				8EE55F182A01686000FEE154 /* Release */,
			);
			defaultConfigurationIsVisible = 0;
			defaultConfigurationName = Release;
		};
/* End XCConfigurationList section */
	};
	rootObject = 8EE55F002A01685E00FEE154 /* Project object */;
}
